
Microsoft Visual Studio Solution File, Format Version 12.00
# Visual Studio Version 17
VisualStudioVersion = 17.13.35919.96 d17.13
MinimumVisualStudioVersion = 10.0.40219.1
Project("{FAE04EC0-301F-11D3-BF4B-00C04F79EFBC}") = "memotecaApi", "memotecaApi\memotecaApi.csproj", "{FFA16F4F-ADE7-4BFB-925B-0B872AE49D2F}"
EndProject
Global
	GlobalSection(SolutionConfigurationPlatforms) = preSolution
		Debug|Any CPU = Debug|Any CPU
		Release|Any CPU = Release|Any CPU
	EndGlobalSection
	GlobalSection(ProjectConfigurationPlatforms) = postSolution
		{FFA16F4F-ADE7-4BFB-925B-0B872AE49D2F}.Debug|Any CPU.ActiveCfg = Debug|Any CPU
		{FFA16F4F-ADE7-4BFB-925B-0B872AE49D2F}.Debug|Any CPU.Build.0 = Debug|Any CPU
		{FFA16F4F-ADE7-4BFB-925B-0B872AE49D2F}.Release|Any CPU.ActiveCfg = Release|Any CPU
		{FFA16F4F-ADE7-4BFB-925B-0B872AE49D2F}.Release|Any CPU.Build.0 = Release|Any CPU
	EndGlobalSection
	GlobalSection(SolutionProperties) = preSolution
		HideSolutionNode = FALSE
	EndGlobalSection
	GlobalSection(ExtensibilityGlobals) = postSolution
		SolutionGuid = {915CF437-ECDF-4A56-997F-F1B4662BBA48}
	EndGlobalSection
EndGlobal
